
Microsoft Visual Studio Solution File, Format Version 12.00
# Visual Studio 2015
Project("{FAE04EC0-301F-11D3-BF4B-00C04F79EFBC}") = "Fractal.CSharp.Plugins", "Fractal.CSharp.Plugins.csproj", "{F638DB8F-87EF-0C57-9B6B-54170F46474C}"
EndProject
Project("{FAE04EC0-301F-11D3-BF4B-00C04F79EFBC}") = "Fractal.CSharp", "Fractal.CSharp.csproj", "{0EE1C8E7-E61E-30C5-88C9-FD115E6DE48C}"
EndProject
Project("{FAE04EC0-301F-11D3-BF4B-00C04F79EFBC}") = "Fractal.CSharp.Editor", "Fractal.CSharp.Editor.csproj", "{6E727B5F-A65C-92B9-B8DF-9421C4B79411}"
EndProject
Global
	GlobalSection(SolutionConfigurationPlatforms) = preSolution
		Debug|Any CPU = Debug|Any CPU
		Release|Any CPU = Release|Any CPU
	EndGlobalSection
	GlobalSection(ProjectConfigurationPlatforms) = postSolution
		{F638DB8F-87EF-0C57-9B6B-54170F46474C}.Debug|Any CPU.ActiveCfg = Debug|Any CPU
		{F638DB8F-87EF-0C57-9B6B-54170F46474C}.Debug|Any CPU.Build.0 = Debug|Any CPU
		{F638DB8F-87EF-0C57-9B6B-54170F46474C}.Release|Any CPU.ActiveCfg = Release|Any CPU
		{F638DB8F-87EF-0C57-9B6B-54170F46474C}.Release|Any CPU.Build.0 = Release|Any CPU
		{0EE1C8E7-E61E-30C5-88C9-FD115E6DE48C}.Debug|Any CPU.ActiveCfg = Debug|Any CPU
		{0EE1C8E7-E61E-30C5-88C9-FD115E6DE48C}.Debug|Any CPU.Build.0 = Debug|Any CPU
		{0EE1C8E7-E61E-30C5-88C9-FD115E6DE48C}.Release|Any CPU.ActiveCfg = Release|Any CPU
		{0EE1C8E7-E61E-30C5-88C9-FD115E6DE48C}.Release|Any CPU.Build.0 = Release|Any CPU
		{6E727B5F-A65C-92B9-B8DF-9421C4B79411}.Debug|Any CPU.ActiveCfg = Debug|Any CPU
		{6E727B5F-A65C-92B9-B8DF-9421C4B79411}.Debug|Any CPU.Build.0 = Debug|Any CPU
		{6E727B5F-A65C-92B9-B8DF-9421C4B79411}.Release|Any CPU.ActiveCfg = Release|Any CPU
		{6E727B5F-A65C-92B9-B8DF-9421C4B79411}.Release|Any CPU.Build.0 = Release|Any CPU
	EndGlobalSection
	GlobalSection(SolutionProperties) = preSolution
		HideSolutionNode = FALSE
	EndGlobalSection
EndGlobal
